Microsoft Visual Studio Solution File, Format Version 12.00
# Visual Studio Version 17
VisualStudioVersion = 17.5.2.0
MinimumVisualStudioVersion = 10.0.40219.1
Project("{FAE04EC0-301F-11D3-BF4B-00C04F79EFBC}") = "wordApp", "wordApp.csproj", "{DBDFE02D-01B8-9DC1-2997-34D543239605}"
EndProject
Global
	GlobalSection(SolutionConfigurationPlatforms) = preSolution
		Debug|Any CPU = Debug|Any CPU
		Release|Any CPU = Release|Any CPU
	EndGlobalSection
	GlobalSection(ProjectConfigurationPlatforms) = postSolution
		{DBDFE02D-01B8-9DC1-2997-34D543239605}.Debug|Any CPU.ActiveCfg = Debug|Any CPU
		{DBDFE02D-01B8-9DC1-2997-34D543239605}.Debug|Any CPU.Build.0 = Debug|Any CPU
		{DBDFE02D-01B8-9DC1-2997-34D543239605}.Release|Any CPU.ActiveCfg = Release|Any CPU
		{DBDFE02D-01B8-9DC1-2997-34D543239605}.Release|Any CPU.Build.0 = Release|Any CPU
	EndGlobalSection
	GlobalSection(SolutionProperties) = preSolution
		HideSolutionNode = FALSE
	EndGlobalSection
	GlobalSection(ExtensibilityGlobals) = postSolution
		SolutionGuid = {9BC0559B-A5CC-414E-8FB2-DA90B27E2382}
	EndGlobalSection
EndGlobal
